
Microsoft Visual Studio Solution File, Format Version 12.00
# Visual Studio Version 16
VisualStudioVersion = 16.0.31112.23
MinimumVisualStudioVersion = 10.0.40219.1
Project("{FAE04EC0-301F-11D3-BF4B-00C04F79EFBC}") = "SchoolMGTWebApi", "SchoolMGTWebApi\SchoolMGTWebApi.csproj", "{83E60EE3-DFDF-492C-87FF-08FA92870946}"
EndProject
Global
	GlobalSection(SolutionConfigurationPlatforms) = preSolution
		Debug|Any CPU = Debug|Any CPU
		Release|Any CPU = Release|Any CPU
	EndGlobalSection
	GlobalSection(ProjectConfigurationPlatforms) = postSolution
		{83E60EE3-DFDF-492C-87FF-08FA92870946}.Debug|Any CPU.ActiveCfg = Debug|Any CPU
		{83E60EE3-DFDF-492C-87FF-08FA92870946}.Debug|Any CPU.Build.0 = Debug|Any CPU
		{83E60EE3-DFDF-492C-87FF-08FA92870946}.Release|Any CPU.ActiveCfg = Release|Any CPU
		{83E60EE3-DFDF-492C-87FF-08FA92870946}.Release|Any CPU.Build.0 = Release|Any CPU
	EndGlobalSection
	GlobalSection(SolutionProperties) = preSolution
		HideSolutionNode = FALSE
	EndGlobalSection
	GlobalSection(ExtensibilityGlobals) = postSolution
		SolutionGuid = {273D1F23-E1FC-4F6D-81E8-34406B4B41A7}
	EndGlobalSection
EndGlobal
